
Microsoft Visual Studio Solution File, Format Version 12.00
# Visual Studio Version 17
VisualStudioVersion = 17.0.31903.59
MinimumVisualStudioVersion = 10.0.40219.1
Project("{2150E333-8FDC-42A3-9474-1A3956D46DE8}") = "src", "src", "{DB20C8F7-C91F-4B87-BE2C-C736162B54CF}"
EndProject
Project("{FAE04EC0-301F-11D3-BF4B-00C04F79EFBC}") = "AuctionService", "src\AuctionService\AuctionService.csproj", "{78C8A241-54AE-49D7-B3BB-7E465CB446A0}"
EndProject
Project("{FAE04EC0-301F-11D3-BF4B-00C04F79EFBC}") = "SearchService", "src\SearchService\SearchService.csproj", "{4BBEC591-4E0B-4B51-9B45-8108767A0A97}"
EndProject
Project("{FAE04EC0-301F-11D3-BF4B-00C04F79EFBC}") = "Contracts", "src\Contracts\Contracts.csproj", "{BACB27B4-792F-42A9-80CE-DA64FBA8591A}"
EndProject
Project("{FAE04EC0-301F-11D3-BF4B-00C04F79EFBC}") = "IdentityService", "src\IdentityService\IdentityService.csproj", "{CE8049B1-A55E-43F9-B72D-B3FADA2763AA}"
EndProject
Project("{FAE04EC0-301F-11D3-BF4B-00C04F79EFBC}") = "GatewayService", "src\GatewayService\GatewayService.csproj", "{B475C564-9917-4D67-84AF-D48D8F72D518}"
EndProject
Project("{FAE04EC0-301F-11D3-BF4B-00C04F79EFBC}") = "BiddingService", "src\BiddingService\BiddingService.csproj", "{9C377E61-7506-4837-8243-0943D20C0318}"
EndProject
Project("{FAE04EC0-301F-11D3-BF4B-00C04F79EFBC}") = "NotificationService", "src\NotificationService\NotificationService.csproj", "{FB57C786-205A-4212-AD5A-981876B01879}"
EndProject
Project("{2150E333-8FDC-42A3-9474-1A3956D46DE8}") = "tests", "tests", "{2E5F028F-DA51-4C00-8CB3-CD1E6987F124}"
EndProject
Project("{FAE04EC0-301F-11D3-BF4B-00C04F79EFBC}") = "AuctionService.UnitTests", "tests\AuctionService.UnitTests\AuctionService.UnitTests.csproj", "{C61F6F5E-3DC2-41A1-9466-BA9BC33C3951}"
EndProject
Global
	GlobalSection(SolutionConfigurationPlatforms) = preSolution
		Debug|Any CPU = Debug|Any CPU
		Release|Any CPU = Release|Any CPU
	EndGlobalSection
	GlobalSection(SolutionProperties) = preSolution
		HideSolutionNode = FALSE
	EndGlobalSection
	GlobalSection(ProjectConfigurationPlatforms) = postSolution
		{78C8A241-54AE-49D7-B3BB-7E465CB446A0}.Debug|Any CPU.ActiveCfg = Debug|Any CPU
		{78C8A241-54AE-49D7-B3BB-7E465CB446A0}.Debug|Any CPU.Build.0 = Debug|Any CPU
		{78C8A241-54AE-49D7-B3BB-7E465CB446A0}.Release|Any CPU.ActiveCfg = Release|Any CPU
		{78C8A241-54AE-49D7-B3BB-7E465CB446A0}.Release|Any CPU.Build.0 = Release|Any CPU
		{4BBEC591-4E0B-4B51-9B45-8108767A0A97}.Debug|Any CPU.ActiveCfg = Debug|Any CPU
		{4BBEC591-4E0B-4B51-9B45-8108767A0A97}.Debug|Any CPU.Build.0 = Debug|Any CPU
		{4BBEC591-4E0B-4B51-9B45-8108767A0A97}.Release|Any CPU.ActiveCfg = Release|Any CPU
		{4BBEC591-4E0B-4B51-9B45-8108767A0A97}.Release|Any CPU.Build.0 = Release|Any CPU
		{BACB27B4-792F-42A9-80CE-DA64FBA8591A}.Debug|Any CPU.ActiveCfg = Debug|Any CPU
		{BACB27B4-792F-42A9-80CE-DA64FBA8591A}.Debug|Any CPU.Build.0 = Debug|Any CPU
		{BACB27B4-792F-42A9-80CE-DA64FBA8591A}.Release|Any CPU.ActiveCfg = Release|Any CPU
		{BACB27B4-792F-42A9-80CE-DA64FBA8591A}.Release|Any CPU.Build.0 = Release|Any CPU
		{CE8049B1-A55E-43F9-B72D-B3FADA2763AA}.Debug|Any CPU.ActiveCfg = Debug|Any CPU
		{CE8049B1-A55E-43F9-B72D-B3FADA2763AA}.Debug|Any CPU.Build.0 = Debug|Any CPU
		{CE8049B1-A55E-43F9-B72D-B3FADA2763AA}.Release|Any CPU.ActiveCfg = Release|Any CPU
		{CE8049B1-A55E-43F9-B72D-B3FADA2763AA}.Release|Any CPU.Build.0 = Release|Any CPU
		{B475C564-9917-4D67-84AF-D48D8F72D518}.Debug|Any CPU.ActiveCfg = Debug|Any CPU
		{B475C564-9917-4D67-84AF-D48D8F72D518}.Debug|Any CPU.Build.0 = Debug|Any CPU
		{B475C564-9917-4D67-84AF-D48D8F72D518}.Release|Any CPU.ActiveCfg = Release|Any CPU
		{B475C564-9917-4D67-84AF-D48D8F72D518}.Release|Any CPU.Build.0 = Release|Any CPU
		{9C377E61-7506-4837-8243-0943D20C0318}.Debug|Any CPU.ActiveCfg = Debug|Any CPU
		{9C377E61-7506-4837-8243-0943D20C0318}.Debug|Any CPU.Build.0 = Debug|Any CPU
		{9C377E61-7506-4837-8243-0943D20C0318}.Release|Any CPU.ActiveCfg = Release|Any CPU
		{9C377E61-7506-4837-8243-0943D20C0318}.Release|Any CPU.Build.0 = Release|Any CPU
		{FB57C786-205A-4212-AD5A-981876B01879}.Debug|Any CPU.ActiveCfg = Debug|Any CPU
		{FB57C786-205A-4212-AD5A-981876B01879}.Debug|Any CPU.Build.0 = Debug|Any CPU
		{FB57C786-205A-4212-AD5A-981876B01879}.Release|Any CPU.ActiveCfg = Release|Any CPU
		{FB57C786-205A-4212-AD5A-981876B01879}.Release|Any CPU.Build.0 = Release|Any CPU
		{C61F6F5E-3DC2-41A1-9466-BA9BC33C3951}.Debug|Any CPU.ActiveCfg = Debug|Any CPU
		{C61F6F5E-3DC2-41A1-9466-BA9BC33C3951}.Debug|Any CPU.Build.0 = Debug|Any CPU
		{C61F6F5E-3DC2-41A1-9466-BA9BC33C3951}.Release|Any CPU.ActiveCfg = Release|Any CPU
		{C61F6F5E-3DC2-41A1-9466-BA9BC33C3951}.Release|Any CPU.Build.0 = Release|Any CPU
	EndGlobalSection
	GlobalSection(NestedProjects) = preSolution
		{78C8A241-54AE-49D7-B3BB-7E465CB446A0} = {DB20C8F7-C91F-4B87-BE2C-C736162B54CF}
		{4BBEC591-4E0B-4B51-9B45-8108767A0A97} = {DB20C8F7-C91F-4B87-BE2C-C736162B54CF}
		{BACB27B4-792F-42A9-80CE-DA64FBA8591A} = {DB20C8F7-C91F-4B87-BE2C-C736162B54CF}
		{CE8049B1-A55E-43F9-B72D-B3FADA2763AA} = {DB20C8F7-C91F-4B87-BE2C-C736162B54CF}
		{B475C564-9917-4D67-84AF-D48D8F72D518} = {DB20C8F7-C91F-4B87-BE2C-C736162B54CF}
		{9C377E61-7506-4837-8243-0943D20C0318} = {DB20C8F7-C91F-4B87-BE2C-C736162B54CF}
		{FB57C786-205A-4212-AD5A-981876B01879} = {DB20C8F7-C91F-4B87-BE2C-C736162B54CF}
		{C61F6F5E-3DC2-41A1-9466-BA9BC33C3951} = {2E5F028F-DA51-4C00-8CB3-CD1E6987F124}
	EndGlobalSection
EndGlobal
